{
  "originHash" : "2b6a510d1ba0554bb1c56c59f54684984e4ad0257d41d917ee1879751bd2186f",
  "pins" : [
    {
      "identity" : "alamofire",
      "kind" : "remoteSourceControl",
      "location" : "https://github.com/Alamofire/Alamofire.git",
      "state" : {
        "revision" : "513364f870f6bfc468f9d2ff0a95caccc10044c5",
        "version" : "5.10.2"
      }
    },
    {
      "identity" : "keychain-swift",
      "kind" : "remoteSourceControl",
      "location" : "https://github.com/evgenyneu/keychain-swift.git",
      "state" : {
        "revision" : "5e1b02b6a9dac2a759a1d5dbc175c86bd192a608",
        "version" : "24.0.0"
      }
    }
  ],
  "version" : 3
}
