{
  "originHash" : "c37daf6ab40a31a9d4e0581fde27c91457e067f8cf5fa1723a8bb910131a6018",
  "pins" : [
    {
      "identity" : "alamofire",
      "kind" : "remoteSourceControl",
      "location" : "https://github.com/Alamofire/Alamofire.git",
      "state" : {
        "revision" : "513364f870f6bfc468f9d2ff0a95caccc10044c5",
        "version" : "5.10.2"
      }
    },
    {
      "identity" : "keychain-swift",
      "kind" : "remoteSourceControl",
      "location" : "https://github.com/evgenyneu/keychain-swift.git",
      "state" : {
        "revision" : "5e1b02b6a9dac2a759a1d5dbc175c86bd192a608",
        "version" : "24.0.0"
      }
    }
  ],
  "version" : 3
}
